
Microsoft Visual Studio Solution File, Format Version 12.00
# Visual Studio Version 17
VisualStudioVersion = 17.14.36518.9 d17.14
MinimumVisualStudioVersion = 10.0.40219.1
Project("{FAE04EC0-301F-11D3-BF4B-00C04F79EFBC}") = "LABB_002", "LABB_002\LABB_002.csproj", "{CC16E0BF-8A9F-4F4A-B715-63B24B170CFA}"
EndProject
Global
	GlobalSection(SolutionConfigurationPlatforms) = preSolution
		Debug|Any CPU = Debug|Any CPU
		Release|Any CPU = Release|Any CPU
	EndGlobalSection
	GlobalSection(ProjectConfigurationPlatforms) = postSolution
		{CC16E0BF-8A9F-4F4A-B715-63B24B170CFA}.Debug|Any CPU.ActiveCfg = Debug|Any CPU
		{CC16E0BF-8A9F-4F4A-B715-63B24B170CFA}.Debug|Any CPU.Build.0 = Debug|Any CPU
		{CC16E0BF-8A9F-4F4A-B715-63B24B170CFA}.Release|Any CPU.ActiveCfg = Release|Any CPU
		{CC16E0BF-8A9F-4F4A-B715-63B24B170CFA}.Release|Any CPU.Build.0 = Release|Any CPU
	EndGlobalSection
	GlobalSection(SolutionProperties) = preSolution
		HideSolutionNode = FALSE
	EndGlobalSection
	GlobalSection(ExtensibilityGlobals) = postSolution
		SolutionGuid = {B7BD8E98-4514-420F-917F-EE50936A27AD}
	EndGlobalSection
EndGlobal
